
Microsoft Visual Studio Solution File, Format Version 12.00
# Visual Studio Version 16
VisualStudioVersion = 16.0.30907.101
MinimumVisualStudioVersion = 10.0.40219.1
Project("{FAE04EC0-301F-11D3-BF4B-00C04F79EFBC}") = "SeleniumGuru99Nunit", "SeleniumGuru99Nunit\SeleniumGuru99Nunit.csproj", "{3250E773-0EFF-4AF7-9741-862147EC3E8B}"
EndProject
Global
	GlobalSection(SolutionConfigurationPlatforms) = preSolution
		Debug|Any CPU = Debug|Any CPU
		Release|Any CPU = Release|Any CPU
	EndGlobalSection
	GlobalSection(ProjectConfigurationPlatforms) = postSolution
		{3250E773-0EFF-4AF7-9741-862147EC3E8B}.Debug|Any CPU.ActiveCfg = Debug|Any CPU
		{3250E773-0EFF-4AF7-9741-862147EC3E8B}.Debug|Any CPU.Build.0 = Debug|Any CPU
		{3250E773-0EFF-4AF7-9741-862147EC3E8B}.Release|Any CPU.ActiveCfg = Release|Any CPU
		{3250E773-0EFF-4AF7-9741-862147EC3E8B}.Release|Any CPU.Build.0 = Release|Any CPU
	EndGlobalSection
	GlobalSection(SolutionProperties) = preSolution
		HideSolutionNode = FALSE
	EndGlobalSection
	GlobalSection(ExtensibilityGlobals) = postSolution
		SolutionGuid = {A1D49248-4FF6-435F-A41A-054D1FA2B1B8}
	EndGlobalSection
EndGlobal
